// !$*UTF8*$!
{
	archiveVersion = 1;
	classes = {
	};
	objectVersion = 56;
	objects = {

/* Begin PBXBuildFile section */
		606FA7432942FC05002595A2 /* PinchGestureDemoApp.swift in Sources */ = {isa = PBXBuildFile; fileRef = 606FA7422942FC05002595A2 /* PinchGestureDemoApp.swift */; };
		606FA7452942FC05002595A2 /* ContentView.swift in Sources */ = {isa = PBXBuildFile; fileRef = 606FA7442942FC05002595A2 /* ContentView.swift */; };
		606FA7472942FC08002595A2 /* Assets.xcassets in Resources */ = {isa = PBXBuildFile; fileRef = 606FA7462942FC08002595A2 /* Assets.xcassets */; };
		606FA74A2942FC08002595A2 /* Preview Assets.xcassets in Resources */ = {isa = PBXBuildFile; fileRef = 606FA7492942FC08002595A2 /* Preview Assets.xcassets */; };
		606FA7552943145E002595A2 /* InfoPannelView.swift in Sources */ = {isa = PBXBuildFile; fileRef = 606FA7542943145E002595A2 /* InfoPannelView.swift */; };
		606FA75729434270002595A2 /* PageModel.swift in Sources */ = {isa = PBXBuildFile; fileRef = 606FA75629434270002595A2 /* PageModel.swift */; };
		606FA759294342B7002595A2 /* PageData.swift in Sources */ = {isa = PBXBuildFile; fileRef = 606FA758294342B7002595A2 /* PageData.swift */; };
/* End PBXBuildFile section */

/* Begin PBXFileReference section */
		606FA73F2942FC05002595A2 /* PinchGestureDemo.app */ = {isa = PBXFileReference; explicitFileType = wrapper.application; includeInIndex = 0; path = PinchGestureDemo.app; sourceTree = BUILT_PRODUCTS_DIR; };
		606FA7422942FC05002595A2 /* PinchGestureDemoApp.swift */ = {isa = PBXFileReference; lastKnownFileType = sourcecode.swift; path = PinchGestureDemoApp.swift; sourceTree = "<group>"; };
		606FA7442942FC05002595A2 /* ContentView.swift */ = {isa = PBXFileReference; lastKnownFileType = sourcecode.swift; path = ContentView.swift; sourceTree = "<group>"; };
		606FA7462942FC08002595A2 /* Assets.xcassets */ = {isa = PBXFileReference; lastKnownFileType = folder.assetcatalog; path = Assets.xcassets; sourceTree = "<group>"; };
		606FA7492942FC08002595A2 /* Preview Assets.xcassets */ = {isa = PBXFileReference; lastKnownFileType = folder.assetcatalog; path = "Preview Assets.xcassets"; sourceTree = "<group>"; };
		606FA7542943145E002595A2 /* InfoPannelView.swift */ = {isa = PBXFileReference; lastKnownFileType = sourcecode.swift; path = InfoPannelView.swift; sourceTree = "<group>"; };
		606FA75629434270002595A2 /* PageModel.swift */ = {isa = PBXFileReference; lastKnownFileType = sourcecode.swift; path = PageModel.swift; sourceTree = "<group>"; };
		606FA758294342B7002595A2 /* PageData.swift */ = {isa = PBXFileReference; lastKnownFileType = sourcecode.swift; path = PageData.swift; sourceTree = "<group>"; };
/* End PBXFileReference section */

/* Begin PBXFrameworksBuildPhase section */
		606FA73C2942FC05002595A2 /* Frameworks */ = {
			isa = PBXFrameworksBuildPhase;
			buildActionMask = 2147483647;
			files = (
			);
			runOnlyForDeploymentPostprocessing = 0;
		};
/* End PBXFrameworksBuildPhase section */

/* Begin PBXGroup section */
		606FA7362942FC05002595A2 = {
			isa = PBXGroup;
			children = (
				606FA7412942FC05002595A2 /* PinchGestureDemo */,
				606FA7402942FC05002595A2 /* Products */,
			);
			sourceTree = "<group>";
		};
		606FA7402942FC05002595A2 /* Products */ = {
			isa = PBXGroup;
			children = (
				606FA73F2942FC05002595A2 /* PinchGestureDemo.app */,
			);
			name = Products;
			sourceTree = "<group>";
		};
		606FA7412942FC05002595A2 /* PinchGestureDemo */ = {
			isa = PBXGroup;
			children = (
				606FA7532942FD45002595A2 /* Data */,
				606FA7522942FD3F002595A2 /* Model */,
				606FA7512942FD39002595A2 /* View */,
				606FA7502942FD31002595A2 /* Screens */,
				606FA7422942FC05002595A2 /* PinchGestureDemoApp.swift */,
				606FA7462942FC08002595A2 /* Assets.xcassets */,
				606FA7482942FC08002595A2 /* Preview Content */,
			);
			path = PinchGestureDemo;
			sourceTree = "<group>";
		};
		606FA7482942FC08002595A2 /* Preview Content */ = {
			isa = PBXGroup;
			children = (
				606FA7492942FC08002595A2 /* Preview Assets.xcassets */,
			);
			path = "Preview Content";
			sourceTree = "<group>";
		};
		606FA7502942FD31002595A2 /* Screens */ = {
			isa = PBXGroup;
			children = (
				606FA7442942FC05002595A2 /* ContentView.swift */,
			);
			path = Screens;
			sourceTree = "<group>";
		};
		606FA7512942FD39002595A2 /* View */ = {
			isa = PBXGroup;
			children = (
				606FA7542943145E002595A2 /* InfoPannelView.swift */,
			);
			path = View;
			sourceTree = "<group>";
		};
		606FA7522942FD3F002595A2 /* Model */ = {
			isa = PBXGroup;
			children = (
				606FA75629434270002595A2 /* PageModel.swift */,
			);
			path = Model;
			sourceTree = "<group>";
		};
		606FA7532942FD45002595A2 /* Data */ = {
			isa = PBXGroup;
			children = (
				606FA758294342B7002595A2 /* PageData.swift */,
			);
			path = Data;
			sourceTree = "<group>";
		};
/* End PBXGroup section */

/* Begin PBXNativeTarget section */
		606FA73E2942FC05002595A2 /* PinchGestureDemo */ = {
			isa = PBXNativeTarget;
			buildConfigurationList = 606FA74D2942FC08002595A2 /* Build configuration list for PBXNativeTarget "PinchGestureDemo" */;
			buildPhases = (
				606FA73B2942FC05002595A2 /* Sources */,
				606FA73C2942FC05002595A2 /* Frameworks */,
				606FA73D2942FC05002595A2 /* Resources */,
			);
			buildRules = (
			);
			dependencies = (
			);
			name = PinchGestureDemo;
			productName = PinchGestureDemo;
			productReference = 606FA73F2942FC05002595A2 /* PinchGestureDemo.app */;
			productType = "com.apple.product-type.application";
		};
/* End PBXNativeTarget section */

/* Begin PBXProject section */
		606FA7372942FC05002595A2 /* Project object */ = {
			isa = PBXProject;
			attributes = {
				BuildIndependentTargetsInParallel = 1;
				LastSwiftUpdateCheck = 1400;
				LastUpgradeCheck = 1400;
				TargetAttributes = {
					606FA73E2942FC05002595A2 = {
						CreatedOnToolsVersion = 14.0.1;
					};
				};
			};
			buildConfigurationList = 606FA73A2942FC05002595A2 /* Build configuration list for PBXProject "PinchGestureDemo" */;
			compatibilityVersion = "Xcode 14.0";
			developmentRegion = en;
			hasScannedForEncodings = 0;
			knownRegions = (
				en,
				Base,
			);
			mainGroup = 606FA7362942FC05002595A2;
			productRefGroup = 606FA7402942FC05002595A2 /* Products */;
			projectDirPath = "";
			projectRoot = "";
			targets = (
				606FA73E2942FC05002595A2 /* PinchGestureDemo */,
			);
		};
/* End PBXProject section */

/* Begin PBXResourcesBuildPhase section */
		606FA73D2942FC05002595A2 /* Resources */ = {
			isa = PBXResourcesBuildPhase;
			buildActionMask = 2147483647;
			files = (
				606FA74A2942FC08002595A2 /* Preview Assets.xcassets in Resources */,
				606FA7472942FC08002595A2 /* Assets.xcassets in Resources */,
			);
			runOnlyForDeploymentPostprocessing = 0;
		};
/* End PBXResourcesBuildPhase section */

/* Begin PBXSourcesBuildPhase section */
		606FA73B2942FC05002595A2 /* Sources */ = {
			isa = PBXSourcesBuildPhase;
			buildActionMask = 2147483647;
			files = (
				606FA75729434270002595A2 /* PageModel.swift in Sources */,
				606FA7452942FC05002595A2 /* ContentView.swift in Sources */,
				606FA759294342B7002595A2 /* PageData.swift in Sources */,
				606FA7552943145E002595A2 /* InfoPannelView.swift in Sources */,
				606FA7432942FC05002595A2 /* PinchGestureDemoApp.swift in Sources */,
			);
			runOnlyForDeploymentPostprocessing = 0;
		};
/* End PBXSourcesBuildPhase section */

/* Begin XCBuildConfiguration section */
		606FA74B2942FC08002595A2 /* Debug */ = {
			isa = XCBuildConfiguration;
			buildSettings = {
				ALWAYS_SEARCH_USER_PATHS = NO;
				CLANG_ANALYZER_NONNULL = YES;
				CLANG_ANALYZER_NUMBER_OBJECT_CONVERSION = YES_AGGRESSIVE;
				CLANG_CXX_LANGUAGE_STANDARD = "gnu++20";
				CLANG_ENABLE_MODULES = YES;
				CLANG_ENABLE_OBJC_ARC = YES;
				CLANG_ENABLE_OBJC_WEAK = YES;
				CLANG_WARN_BLOCK_CAPTURE_AUTORELEASING = YES;
				CLANG_WARN_BOOL_CONVERSION = YES;
				CLANG_WARN_COMMA = YES;
				CLANG_WARN_CONSTANT_CONVERSION = YES;
				CLANG_WARN_DEPRECATED_OBJC_IMPLEMENTATIONS = YES;
				CLANG_WARN_DIRECT_OBJC_ISA_USAGE = YES_ERROR;
				CLANG_WARN_DOCUMENTATION_COMMENTS = YES;
				CLANG_WARN_EMPTY_BODY = YES;
				CLANG_WARN_ENUM_CONVERSION = YES;
				CLANG_WARN_INFINITE_RECURSION = YES;
				CLANG_WARN_INT_CONVERSION = YES;
				CLANG_WARN_NON_LITERAL_NULL_CONVERSION = YES;
				CLANG_WARN_OBJC_IMPLICIT_RETAIN_SELF = YES;
				CLANG_WARN_OBJC_LITERAL_CONVERSION = YES;
				CLANG_WARN_OBJC_ROOT_CLASS = YES_ERROR;
				CLANG_WARN_QUOTED_INCLUDE_IN_FRAMEWORK_HEADER = YES;
				CLANG_WARN_RANGE_LOOP_ANALYSIS = YES;
				CLANG_WARN_STRICT_PROTOTYPES = YES;
				CLANG_WARN_SUSPICIOUS_MOVE = YES;
				CLANG_WARN_UNGUARDED_AVAILABILITY = YES_AGGRESSIVE;
				CLANG_WARN_UNREACHABLE_CODE = YES;
				CLANG_WARN__DUPLICATE_METHOD_MATCH = YES;
				COPY_PHASE_STRIP = NO;
				DEBUG_INFORMATION_FORMAT = dwarf;
				ENABLE_STRICT_OBJC_MSGSEND = YES;
				ENABLE_TESTABILITY = YES;
				GCC_C_LANGUAGE_STANDARD = gnu11;
				GCC_DYNAMIC_NO_PIC = NO;
				GCC_NO_COMMON_BLOCKS = YES;
				GCC_OPTIMIZATION_LEVEL = 0;
				GCC_PREPROCESSOR_DEFINITIONS = (
					"DEBUG=1",
					"$(inherited)",
				);
				GCC_WARN_64_TO_32_BIT_CONVERSION = YES;
				GCC_WARN_ABOUT_RETURN_TYPE = YES_ERROR;
				GCC_WARN_UNDECLARED_SELECTOR = YES;
				GCC_WARN_UNINITIALIZED_AUTOS = YES_AGGRESSIVE;
				GCC_WARN_UNUSED_FUNCTION = YES;
				GCC_WARN_UNUSED_VARIABLE = YES;
				IPHONEOS_DEPLOYMENT_TARGET = 16.0;
				MTL_ENABLE_DEBUG_INFO = INCLUDE_SOURCE;
				MTL_FAST_MATH = YES;
				ONLY_ACTIVE_ARCH = YES;
				SDKROOT = iphoneos;
				SWIFT_ACTIVE_COMPILATION_CONDITIONS = DEBUG;
				SWIFT_OPTIMIZATION_LEVEL = "-Onone";
			};
			name = Debug;
		};
		606FA74C2942FC08002595A2 /* Release */ = {
			isa = XCBuildConfiguration;
			buildSettings = {
				ALWAYS_SEARCH_USER_PATHS = NO;
				CLANG_ANALYZER_NONNULL = YES;
				CLANG_ANALYZER_NUMBER_OBJECT_CONVERSION = YES_AGGRESSIVE;
				CLANG_CXX_LANGUAGE_STANDARD = "gnu++20";
				CLANG_ENABLE_MODULES = YES;
				CLANG_ENABLE_OBJC_ARC = YES;
				CLANG_ENABLE_OBJC_WEAK = YES;
				CLANG_WARN_BLOCK_CAPTURE_AUTORELEASING = YES;
				CLANG_WARN_BOOL_CONVERSION = YES;
				CLANG_WARN_COMMA = YES;
				CLANG_WARN_CONSTANT_CONVERSION = YES;
				CLANG_WARN_DEPRECATED_OBJC_IMPLEMENTATIONS = YES;
				CLANG_WARN_DIRECT_OBJC_ISA_USAGE = YES_ERROR;
				CLANG_WARN_DOCUMENTATION_COMMENTS = YES;
				CLANG_WARN_EMPTY_BODY = YES;
				CLANG_WARN_ENUM_CONVERSION = YES;
				CLANG_WARN_INFINITE_RECURSION = YES;
				CLANG_WARN_INT_CONVERSION = YES;
				CLANG_WARN_NON_LITERAL_NULL_CONVERSION = YES;
				CLANG_WARN_OBJC_IMPLICIT_RETAIN_SELF = YES;
				CLANG_WARN_OBJC_LITERAL_CONVERSION = YES;
				CLANG_WARN_OBJC_ROOT_CLASS = YES_ERROR;
				CLANG_WARN_QUOTED_INCLUDE_IN_FRAMEWORK_HEADER = YES;
				CLANG_WARN_RANGE_LOOP_ANALYSIS = YES;
				CLANG_WARN_STRICT_PROTOTYPES = YES;
				CLANG_WARN_SUSPICIOUS_MOVE = YES;
				CLANG_WARN_UNGUARDED_AVAILABILITY = YES_AGGRESSIVE;
				CLANG_WARN_UNREACHABLE_CODE = YES;
				CLANG_WARN__DUPLICATE_METHOD_MATCH = YES;
				COPY_PHASE_STRIP = NO;
				DEBUG_INFORMATION_FORMAT = "dwarf-with-dsym";
				ENABLE_NS_ASSERTIONS = NO;
				ENABLE_STRICT_OBJC_MSGSEND = YES;
				GCC_C_LANGUAGE_STANDARD = gnu11;
				GCC_NO_COMMON_BLOCKS = YES;
				GCC_WARN_64_TO_32_BIT_CONVERSION = YES;
				GCC_WARN_ABOUT_RETURN_TYPE = YES_ERROR;
				GCC_WARN_UNDECLARED_SELECTOR = YES;
				GCC_WARN_UNINITIALIZED_AUTOS = YES_AGGRESSIVE;
				GCC_WARN_UNUSED_FUNCTION = YES;
				GCC_WARN_UNUSED_VARIABLE = YES;
				IPHONEOS_DEPLOYMENT_TARGET = 16.0;
				MTL_ENABLE_DEBUG_INFO = NO;
				MTL_FAST_MATH = YES;
				SDKROOT = iphoneos;
				SWIFT_COMPILATION_MODE = wholemodule;
				SWIFT_OPTIMIZATION_LEVEL = "-O";
				VALIDATE_PRODUCT = YES;
			};
			name = Release;
		};
		606FA74E2942FC08002595A2 /* Debug */ = {
			isa = XCBuildConfiguration;
			buildSettings = {
				ASSETCATALOG_COMPILER_APPICON_NAME = AppIcon;
				ASSETCATALOG_COMPILER_GLOBAL_ACCENT_COLOR_NAME = AccentColor;
				CODE_SIGN_STYLE = Automatic;
				CURRENT_PROJECT_VERSION = 1;
				DEVELOPMENT_ASSET_PATHS = "\"PinchGestureDemo/Preview Content\"";
				ENABLE_PREVIEWS = YES;
				GENERATE_INFOPLIST_FILE = YES;
				INFOPLIST_KEY_UIApplicationSceneManifest_Generation = YES;
				INFOPLIST_KEY_UIApplicationSupportsIndirectInputEvents = YES;
				INFOPLIST_KEY_UILaunchScreen_Generation = YES;
				INFOPLIST_KEY_UISupportedInterfaceOrientations = UIInterfaceOrientationPortrait;
				LD_RUNPATH_SEARCH_PATHS = (
					"$(inherited)",
					"@executable_path/Frameworks",
				);
				MARKETING_VERSION = 1.0;
				PRODUCT_BUNDLE_IDENTIFIER = ToTheNew.PinchGestureDemo;
				PRODUCT_NAME = "$(TARGET_NAME)";
				SWIFT_EMIT_LOC_STRINGS = YES;
				SWIFT_VERSION = 5.0;
				TARGETED_DEVICE_FAMILY = "1,2";
			};
			name = Debug;
		};
		606FA74F2942FC08002595A2 /* Release */ = {
			isa = XCBuildConfiguration;
			buildSettings = {
				ASSETCATALOG_COMPILER_APPICON_NAME = AppIcon;
				ASSETCATALOG_COMPILER_GLOBAL_ACCENT_COLOR_NAME = AccentColor;
				CODE_SIGN_STYLE = Automatic;
				CURRENT_PROJECT_VERSION = 1;
				DEVELOPMENT_ASSET_PATHS = "\"PinchGestureDemo/Preview Content\"";
				ENABLE_PREVIEWS = YES;
				GENERATE_INFOPLIST_FILE = YES;
				INFOPLIST_KEY_UIApplicationSceneManifest_Generation = YES;
				INFOPLIST_KEY_UIApplicationSupportsIndirectInputEvents = YES;
				INFOPLIST_KEY_UILaunchScreen_Generation = YES;
				INFOPLIST_KEY_UISupportedInterfaceOrientations = UIInterfaceOrientationPortrait;
				LD_RUNPATH_SEARCH_PATHS = (
					"$(inherited)",
					"@executable_path/Frameworks",
				);
				MARKETING_VERSION = 1.0;
				PRODUCT_BUNDLE_IDENTIFIER = ToTheNew.PinchGestureDemo;
				PRODUCT_NAME = "$(TARGET_NAME)";
				SWIFT_EMIT_LOC_STRINGS = YES;
				SWIFT_VERSION = 5.0;
				TARGETED_DEVICE_FAMILY = "1,2";
			};
			name = Release;
		};
/* End XCBuildConfiguration section */

/* Begin XCConfigurationList section */
		606FA73A2942FC05002595A2 /* Build configuration list for PBXProject "PinchGestureDemo" */ = {
			isa = XCConfigurationList;
			buildConfigurations = (
				606FA74B2942FC08002595A2 /* Debug */,
				606FA74C2942FC08002595A2 /* Release */,
			);
			defaultConfigurationIsVisible = 0;
			defaultConfigurationName = Release;
		};
		606FA74D2942FC08002595A2 /* Build configuration list for PBXNativeTarget "PinchGestureDemo" */ = {
			isa = XCConfigurationList;
			buildConfigurations = (
				606FA74E2942FC08002595A2 /* Debug */,
				606FA74F2942FC08002595A2 /* Release */,
			);
			defaultConfigurationIsVisible = 0;
			defaultConfigurationName = Release;
		};
/* End XCConfigurationList section */
	};
	rootObject = 606FA7372942FC05002595A2 /* Project object */;
}
